// !$*UTF8*$!
{
	archiveVersion = 1;
	classes = {
	};
	objectVersion = 46;
	objects = {

/* Begin PBXBuildFile section */
		14A4F3B61FB034A2009F366F /* busan.xml in Resources */ = {isa = PBXBuildFile; fileRef = 14A4F3B51FB034A2009F366F /* busan.xml */; };
		14A4F3B81FB03833009F366F /* MKP.swift in Sources */ = {isa = PBXBuildFile; fileRef = 14A4F3B71FB03833009F366F /* MKP.swift */; };
		14A4F3BA1FB03B15009F366F /* AMKP.swift in Sources */ = {isa = PBXBuildFile; fileRef = 14A4F3B91FB03B15009F366F /* AMKP.swift */; };
		14A914631FB02EEC00BAA8B3 /* AppDelegate.swift in Sources */ = {isa = PBXBuildFile; fileRef = 14A914621FB02EEC00BAA8B3 /* AppDelegate.swift */; };
		14A914651FB02EEC00BAA8B3 /* ViewController.swift in Sources */ = {isa = PBXBuildFile; fileRef = 14A914641FB02EEC00BAA8B3 /* ViewController.swift */; };
		14A914681FB02EEC00BAA8B3 /* Main.storyboard in Resources */ = {isa = PBXBuildFile; fileRef = 14A914661FB02EEC00BAA8B3 /* Main.storyboard */; };
		14A9146A1FB02EEC00BAA8B3 /* Assets.xcassets in Resources */ = {isa = PBXBuildFile; fileRef = 14A914691FB02EEC00BAA8B3 /* Assets.xcassets */; };
		14A9146D1FB02EEC00BAA8B3 /* LaunchScreen.storyboard in Resources */ = {isa = PBXBuildFile; fileRef = 14A9146B1FB02EEC00BAA8B3 /* LaunchScreen.storyboard */; };
		14A914781FB02EEC00BAA8B3 /* WatchOutForHereTests.swift in Sources */ = {isa = PBXBuildFile; fileRef = 14A914771FB02EEC00BAA8B3 /* WatchOutForHereTests.swift */; };
		14A914831FB02EEC00BAA8B3 /* WatchOutForHereUITests.swift in Sources */ = {isa = PBXBuildFile; fileRef = 14A914821FB02EEC00BAA8B3 /* WatchOutForHereUITests.swift */; };
		14A914921FB02EF900BAA8B3 /* MapKit.framework in Frameworks */ = {isa = PBXBuildFile; fileRef = 14A914911FB02EF900BAA8B3 /* MapKit.framework */; };
		14A914941FB0306200BAA8B3 /* MK.png in Resources */ = {isa = PBXBuildFile; fileRef = 14A914931FB0306200BAA8B3 /* MK.png */; };
		14A914961FB0311D00BAA8B3 /* TableViewController.swift in Sources */ = {isa = PBXBuildFile; fileRef = 14A914951FB0311D00BAA8B3 /* TableViewController.swift */; };
		14A9149A1FB0320200BAA8B3 /* CIA.swift in Sources */ = {isa = PBXBuildFile; fileRef = 14A914991FB0320200BAA8B3 /* CIA.swift */; };
/* End PBXBuildFile section */

/* Begin PBXContainerItemProxy section */
		14A914741FB02EEC00BAA8B3 /* PBXContainerItemProxy */ = {
			isa = PBXContainerItemProxy;
			containerPortal = 14A914571FB02EEC00BAA8B3 /* Project object */;
			proxyType = 1;
			remoteGlobalIDString = 14A9145E1FB02EEC00BAA8B3;
			remoteInfo = WatchOutForHere;
		};
		14A9147F1FB02EEC00BAA8B3 /* PBXContainerItemProxy */ = {
			isa = PBXContainerItemProxy;
			containerPortal = 14A914571FB02EEC00BAA8B3 /* Project object */;
			proxyType = 1;
			remoteGlobalIDString = 14A9145E1FB02EEC00BAA8B3;
			remoteInfo = WatchOutForHere;
		};
/* End PBXContainerItemProxy section */

/* Begin PBXFileReference section */
		14A4F3B51FB034A2009F366F /* busan.xml */ = {isa = PBXFileReference; fileEncoding = 4; lastKnownFileType = text.xml; path = busan.xml; sourceTree = "<group>"; };
		14A4F3B71FB03833009F366F /* MKP.swift */ = {isa = PBXFileReference; fileEncoding = 4; lastKnownFileType = sourcecode.swift; path = MKP.swift; sourceTree = "<group>"; };
		14A4F3B91FB03B15009F366F /* AMKP.swift */ = {isa = PBXFileReference; fileEncoding = 4; lastKnownFileType = sourcecode.swift; path = AMKP.swift; sourceTree = "<group>"; };
		14A9145F1FB02EEC00BAA8B3 /* WatchOutForHere.app */ = {isa = PBXFileReference; explicitFileType = wrapper.application; includeInIndex = 0; path = WatchOutForHere.app; sourceTree = BUILT_PRODUCTS_DIR; };
		14A914621FB02EEC00BAA8B3 /* AppDelegate.swift */ = {isa = PBXFileReference; lastKnownFileType = sourcecode.swift; path = AppDelegate.swift; sourceTree = "<group>"; };
		14A914641FB02EEC00BAA8B3 /* ViewController.swift */ = {isa = PBXFileReference; lastKnownFileType = sourcecode.swift; path = ViewController.swift; sourceTree = "<group>"; };
		14A914671FB02EEC00BAA8B3 /* Base */ = {isa = PBXFileReference; lastKnownFileType = file.storyboard; name = Base; path = Base.lproj/Main.storyboard; sourceTree = "<group>"; };
		14A914691FB02EEC00BAA8B3 /* Assets.xcassets */ = {isa = PBXFileReference; lastKnownFileType = folder.assetcatalog; path = Assets.xcassets; sourceTree = "<group>"; };
		14A9146C1FB02EEC00BAA8B3 /* Base */ = {isa = PBXFileReference; lastKnownFileType = file.storyboard; name = Base; path = Base.lproj/LaunchScreen.storyboard; sourceTree = "<group>"; };
		14A9146E1FB02EEC00BAA8B3 /* Info.plist */ = {isa = PBXFileReference; lastKnownFileType = text.plist.xml; path = Info.plist; sourceTree = "<group>"; };
		14A914731FB02EEC00BAA8B3 /* WatchOutForHereTests.xctest */ = {isa = PBXFileReference; explicitFileType = wrapper.cfbundle; includeInIndex = 0; path = WatchOutForHereTests.xctest; sourceTree = BUILT_PRODUCTS_DIR; };
		14A914771FB02EEC00BAA8B3 /* WatchOutForHereTests.swift */ = {isa = PBXFileReference; lastKnownFileType = sourcecode.swift; path = WatchOutForHereTests.swift; sourceTree = "<group>"; };
		14A914791FB02EEC00BAA8B3 /* Info.plist */ = {isa = PBXFileReference; lastKnownFileType = text.plist.xml; path = Info.plist; sourceTree = "<group>"; };
		14A9147E1FB02EEC00BAA8B3 /* WatchOutForHereUITests.xctest */ = {isa = PBXFileReference; explicitFileType = wrapper.cfbundle; includeInIndex = 0; path = WatchOutForHereUITests.xctest; sourceTree = BUILT_PRODUCTS_DIR; };
		14A914821FB02EEC00BAA8B3 /* WatchOutForHereUITests.swift */ = {isa = PBXFileReference; lastKnownFileType = sourcecode.swift; path = WatchOutForHereUITests.swift; sourceTree = "<group>"; };
		14A914841FB02EEC00BAA8B3 /* Info.plist */ = {isa = PBXFileReference; lastKnownFileType = text.plist.xml; path = Info.plist; sourceTree = "<group>"; };
		14A914911FB02EF900BAA8B3 /* MapKit.framework */ = {isa = PBXFileReference; lastKnownFileType = wrapper.framework; name = MapKit.framework; path = System/Library/Frameworks/MapKit.framework; sourceTree = SDKROOT; };
		14A914931FB0306200BAA8B3 /* MK.png */ = {isa = PBXFileReference; lastKnownFileType = image.png; path = MK.png; sourceTree = "<group>"; };
		14A914951FB0311D00BAA8B3 /* TableViewController.swift */ = {isa = PBXFileReference; fileEncoding = 4; lastKnownFileType = sourcecode.swift; path = TableViewController.swift; sourceTree = "<group>"; };
		14A914991FB0320200BAA8B3 /* CIA.swift */ = {isa = PBXFileReference; fileEncoding = 4; lastKnownFileType = sourcecode.swift; name = CIA.swift; path = ../CIA.swift; sourceTree = "<group>"; };
/* End PBXFileReference section */

/* Begin PBXFrameworksBuildPhase section */
		14A9145C1FB02EEC00BAA8B3 /* Frameworks */ = {
			isa = PBXFrameworksBuildPhase;
			buildActionMask = 2147483647;
			files = (
				14A914921FB02EF900BAA8B3 /* MapKit.framework in Frameworks */,
			);
			runOnlyForDeploymentPostprocessing = 0;
		};
		14A914701FB02EEC00BAA8B3 /* Frameworks */ = {
			isa = PBXFrameworksBuildPhase;
			buildActionMask = 2147483647;
			files = (
			);
			runOnlyForDeploymentPostprocessing = 0;
		};
		14A9147B1FB02EEC00BAA8B3 /* Frameworks */ = {
			isa = PBXFrameworksBuildPhase;
			buildActionMask = 2147483647;
			files = (
			);
			runOnlyForDeploymentPostprocessing = 0;
		};
/* End PBXFrameworksBuildPhase section */

/* Begin PBXGroup section */
		14A914561FB02EEC00BAA8B3 = {
			isa = PBXGroup;
			children = (
				14A914611FB02EEC00BAA8B3 /* WatchOutForHere */,
				14A914761FB02EEC00BAA8B3 /* WatchOutForHereTests */,
				14A914811FB02EEC00BAA8B3 /* WatchOutForHereUITests */,
				14A914601FB02EEC00BAA8B3 /* Products */,
				14A914901FB02EF800BAA8B3 /* Frameworks */,
			);
			sourceTree = "<group>";
		};
		14A914601FB02EEC00BAA8B3 /* Products */ = {
			isa = PBXGroup;
			children = (
				14A9145F1FB02EEC00BAA8B3 /* WatchOutForHere.app */,
				14A914731FB02EEC00BAA8B3 /* WatchOutForHereTests.xctest */,
				14A9147E1FB02EEC00BAA8B3 /* WatchOutForHereUITests.xctest */,
			);
			name = Products;
			sourceTree = "<group>";
		};
		14A914611FB02EEC00BAA8B3 /* WatchOutForHere */ = {
			isa = PBXGroup;
			children = (
				14A4F3B51FB034A2009F366F /* busan.xml */,
				14A914991FB0320200BAA8B3 /* CIA.swift */,
				14A914931FB0306200BAA8B3 /* MK.png */,
				14A914621FB02EEC00BAA8B3 /* AppDelegate.swift */,
				14A914641FB02EEC00BAA8B3 /* ViewController.swift */,
				14A914661FB02EEC00BAA8B3 /* Main.storyboard */,
				14A914691FB02EEC00BAA8B3 /* Assets.xcassets */,
				14A9146B1FB02EEC00BAA8B3 /* LaunchScreen.storyboard */,
				14A9146E1FB02EEC00BAA8B3 /* Info.plist */,
				14A914951FB0311D00BAA8B3 /* TableViewController.swift */,
				14A4F3B71FB03833009F366F /* MKP.swift */,
				14A4F3B91FB03B15009F366F /* AMKP.swift */,
			);
			path = WatchOutForHere;
			sourceTree = "<group>";
		};
		14A914761FB02EEC00BAA8B3 /* WatchOutForHereTests */ = {
			isa = PBXGroup;
			children = (
				14A914771FB02EEC00BAA8B3 /* WatchOutForHereTests.swift */,
				14A914791FB02EEC00BAA8B3 /* Info.plist */,
			);
			path = WatchOutForHereTests;
			sourceTree = "<group>";
		};
		14A914811FB02EEC00BAA8B3 /* WatchOutForHereUITests */ = {
			isa = PBXGroup;
			children = (
				14A914821FB02EEC00BAA8B3 /* WatchOutForHereUITests.swift */,
				14A914841FB02EEC00BAA8B3 /* Info.plist */,
			);
			path = WatchOutForHereUITests;
			sourceTree = "<group>";
		};
		14A914901FB02EF800BAA8B3 /* Frameworks */ = {
			isa = PBXGroup;
			children = (
				14A914911FB02EF900BAA8B3 /* MapKit.framework */,
			);
			name = Frameworks;
			sourceTree = "<group>";
		};
/* End PBXGroup section */

/* Begin PBXNativeTarget section */
		14A9145E1FB02EEC00BAA8B3 /* WatchOutForHere */ = {
			isa = PBXNativeTarget;
			buildConfigurationList = 14A914871FB02EEC00BAA8B3 /* Build configuration list for PBXNativeTarget "WatchOutForHere" */;
			buildPhases = (
				14A9145B1FB02EEC00BAA8B3 /* Sources */,
				14A9145C1FB02EEC00BAA8B3 /* Frameworks */,
				14A9145D1FB02EEC00BAA8B3 /* Resources */,
			);
			buildRules = (
			);
			dependencies = (
			);
			name = WatchOutForHere;
			productName = WatchOutForHere;
			productReference = 14A9145F1FB02EEC00BAA8B3 /* WatchOutForHere.app */;
			productType = "com.apple.product-type.application";
		};
		14A914721FB02EEC00BAA8B3 /* WatchOutForHereTests */ = {
			isa = PBXNativeTarget;
			buildConfigurationList = 14A9148A1FB02EEC00BAA8B3 /* Build configuration list for PBXNativeTarget "WatchOutForHereTests" */;
			buildPhases = (
				14A9146F1FB02EEC00BAA8B3 /* Sources */,
				14A914701FB02EEC00BAA8B3 /* Frameworks */,
				14A914711FB02EEC00BAA8B3 /* Resources */,
			);
			buildRules = (
			);
			dependencies = (
				14A914751FB02EEC00BAA8B3 /* PBXTargetDependency */,
			);
			name = WatchOutForHereTests;
			productName = WatchOutForHereTests;
			productReference = 14A914731FB02EEC00BAA8B3 /* WatchOutForHereTests.xctest */;
			productType = "com.apple.product-type.bundle.unit-test";
		};
		14A9147D1FB02EEC00BAA8B3 /* WatchOutForHereUITests */ = {
			isa = PBXNativeTarget;
			buildConfigurationList = 14A9148D1FB02EEC00BAA8B3 /* Build configuration list for PBXNativeTarget "WatchOutForHereUITests" */;
			buildPhases = (
				14A9147A1FB02EEC00BAA8B3 /* Sources */,
				14A9147B1FB02EEC00BAA8B3 /* Frameworks */,
				14A9147C1FB02EEC00BAA8B3 /* Resources */,
			);
			buildRules = (
			);
			dependencies = (
				14A914801FB02EEC00BAA8B3 /* PBXTargetDependency */,
			);
			name = WatchOutForHereUITests;
			productName = WatchOutForHereUITests;
			productReference = 14A9147E1FB02EEC00BAA8B3 /* WatchOutForHereUITests.xctest */;
			productType = "com.apple.product-type.bundle.ui-testing";
		};
/* End PBXNativeTarget section */

/* Begin PBXProject section */
		14A914571FB02EEC00BAA8B3 /* Project object */ = {
			isa = PBXProject;
			attributes = {
				LastSwiftUpdateCheck = 0830;
				LastUpgradeCheck = 0830;
				ORGANIZATIONNAME = DoubleK;
				TargetAttributes = {
					14A9145E1FB02EEC00BAA8B3 = {
						CreatedOnToolsVersion = 8.3.3;
						ProvisioningStyle = Automatic;
					};
					14A914721FB02EEC00BAA8B3 = {
						CreatedOnToolsVersion = 8.3.3;
						ProvisioningStyle = Automatic;
						TestTargetID = 14A9145E1FB02EEC00BAA8B3;
					};
					14A9147D1FB02EEC00BAA8B3 = {
						CreatedOnToolsVersion = 8.3.3;
						ProvisioningStyle = Automatic;
						TestTargetID = 14A9145E1FB02EEC00BAA8B3;
					};
				};
			};
			buildConfigurationList = 14A9145A1FB02EEC00BAA8B3 /* Build configuration list for PBXProject "WatchOutForHere" */;
			compatibilityVersion = "Xcode 3.2";
			developmentRegion = English;
			hasScannedForEncodings = 0;
			knownRegions = (
				en,
				Base,
			);
			mainGroup = 14A914561FB02EEC00BAA8B3;
			productRefGroup = 14A914601FB02EEC00BAA8B3 /* Products */;
			projectDirPath = "";
			projectRoot = "";
			targets = (
				14A9145E1FB02EEC00BAA8B3 /* WatchOutForHere */,
				14A914721FB02EEC00BAA8B3 /* WatchOutForHereTests */,
				14A9147D1FB02EEC00BAA8B3 /* WatchOutForHereUITests */,
			);
		};
/* End PBXProject section */

/* Begin PBXResourcesBuildPhase section */
		14A9145D1FB02EEC00BAA8B3 /* Resources */ = {
			isa = PBXResourcesBuildPhase;
			buildActionMask = 2147483647;
			files = (
				14A9146D1FB02EEC00BAA8B3 /* LaunchScreen.storyboard in Resources */,
				14A914941FB0306200BAA8B3 /* MK.png in Resources */,
				14A9146A1FB02EEC00BAA8B3 /* Assets.xcassets in Resources */,
				14A4F3B61FB034A2009F366F /* busan.xml in Resources */,
				14A914681FB02EEC00BAA8B3 /* Main.storyboard in Resources */,
			);
			runOnlyForDeploymentPostprocessing = 0;
		};
		14A914711FB02EEC00BAA8B3 /* Resources */ = {
			isa = PBXResourcesBuildPhase;
			buildActionMask = 2147483647;
			files = (
			);
			runOnlyForDeploymentPostprocessing = 0;
		};
		14A9147C1FB02EEC00BAA8B3 /* Resources */ = {
			isa = PBXResourcesBuildPhase;
			buildActionMask = 2147483647;
			files = (
			);
			runOnlyForDeploymentPostprocessing = 0;
		};
/* End PBXResourcesBuildPhase section */

/* Begin PBXSourcesBuildPhase section */
		14A9145B1FB02EEC00BAA8B3 /* Sources */ = {
			isa = PBXSourcesBuildPhase;
			buildActionMask = 2147483647;
			files = (
				14A4F3B81FB03833009F366F /* MKP.swift in Sources */,
				14A914651FB02EEC00BAA8B3 /* ViewController.swift in Sources */,
				14A4F3BA1FB03B15009F366F /* AMKP.swift in Sources */,
				14A9149A1FB0320200BAA8B3 /* CIA.swift in Sources */,
				14A914961FB0311D00BAA8B3 /* TableViewController.swift in Sources */,
				14A914631FB02EEC00BAA8B3 /* AppDelegate.swift in Sources */,
			);
			runOnlyForDeploymentPostprocessing = 0;
		};
		14A9146F1FB02EEC00BAA8B3 /* Sources */ = {
			isa = PBXSourcesBuildPhase;
			buildActionMask = 2147483647;
			files = (
				14A914781FB02EEC00BAA8B3 /* WatchOutForHereTests.swift in Sources */,
			);
			runOnlyForDeploymentPostprocessing = 0;
		};
		14A9147A1FB02EEC00BAA8B3 /* Sources */ = {
			isa = PBXSourcesBuildPhase;
			buildActionMask = 2147483647;
			files = (
				14A914831FB02EEC00BAA8B3 /* WatchOutForHereUITests.swift in Sources */,
			);
			runOnlyForDeploymentPostprocessing = 0;
		};
/* End PBXSourcesBuildPhase section */

/* Begin PBXTargetDependency section */
		14A914751FB02EEC00BAA8B3 /* PBXTargetDependency */ = {
			isa = PBXTargetDependency;
			target = 14A9145E1FB02EEC00BAA8B3 /* WatchOutForHere */;
			targetProxy = 14A914741FB02EEC00BAA8B3 /* PBXContainerItemProxy */;
		};
		14A914801FB02EEC00BAA8B3 /* PBXTargetDependency */ = {
			isa = PBXTargetDependency;
			target = 14A9145E1FB02EEC00BAA8B3 /* WatchOutForHere */;
			targetProxy = 14A9147F1FB02EEC00BAA8B3 /* PBXContainerItemProxy */;
		};
/* End PBXTargetDependency section */

/* Begin PBXVariantGroup section */
		14A914661FB02EEC00BAA8B3 /* Main.storyboard */ = {
			isa = PBXVariantGroup;
			children = (
				14A914671FB02EEC00BAA8B3 /* Base */,
			);
			name = Main.storyboard;
			sourceTree = "<group>";
		};
		14A9146B1FB02EEC00BAA8B3 /* LaunchScreen.storyboard */ = {
			isa = PBXVariantGroup;
			children = (
				14A9146C1FB02EEC00BAA8B3 /* Base */,
			);
			name = LaunchScreen.storyboard;
			sourceTree = "<group>";
		};
/* End PBXVariantGroup section */

/* Begin XCBuildConfiguration section */
		14A914851FB02EEC00BAA8B3 /* Debug */ = {
			isa = XCBuildConfiguration;
			buildSettings = {
				ALWAYS_SEARCH_USER_PATHS = NO;
				CLANG_ANALYZER_NONNULL = YES;
				CLANG_ANALYZER_NUMBER_OBJECT_CONVERSION = YES_AGGRESSIVE;
				CLANG_CXX_LANGUAGE_STANDARD = "gnu++0x";
				CLANG_CXX_LIBRARY = "libc++";
				CLANG_ENABLE_MODULES = YES;
				CLANG_ENABLE_OBJC_ARC = YES;
				CLANG_WARN_BOOL_CONVERSION = YES;
				CLANG_WARN_CONSTANT_CONVERSION = YES;
				CLANG_WARN_DIRECT_OBJC_ISA_USAGE = YES_ERROR;
				CLANG_WARN_DOCUMENTATION_COMMENTS = YES;
				CLANG_WARN_EMPTY_BODY = YES;
				CLANG_WARN_ENUM_CONVERSION = YES;
				CLANG_WARN_INFINITE_RECURSION = YES;
				CLANG_WARN_INT_CONVERSION = YES;
				CLANG_WARN_OBJC_ROOT_CLASS = YES_ERROR;
				CLANG_WARN_SUSPICIOUS_MOVE = YES;
				CLANG_WARN_UNREACHABLE_CODE = YES;
				CLANG_WARN__DUPLICATE_METHOD_MATCH = YES;
				"CODE_SIGN_IDENTITY[sdk=iphoneos*]" = "iPhone Developer";
				COPY_PHASE_STRIP = NO;
				DEBUG_INFORMATION_FORMAT = dwarf;
				ENABLE_STRICT_OBJC_MSGSEND = YES;
				ENABLE_TESTABILITY = YES;
				GCC_C_LANGUAGE_STANDARD = gnu99;
				GCC_DYNAMIC_NO_PIC = NO;
				GCC_NO_COMMON_BLOCKS = YES;
				GCC_OPTIMIZATION_LEVEL = 0;
				GCC_PREPROCESSOR_DEFINITIONS = (
					"DEBUG=1",
					"$(inherited)",
				);
				GCC_WARN_64_TO_32_BIT_CONVERSION = YES;
				GCC_WARN_ABOUT_RETURN_TYPE = YES_ERROR;
				GCC_WARN_UNDECLARED_SELECTOR = YES;
				GCC_WARN_UNINITIALIZED_AUTOS = YES_AGGRESSIVE;
				GCC_WARN_UNUSED_FUNCTION = YES;
				GCC_WARN_UNUSED_VARIABLE = YES;
				IPHONEOS_DEPLOYMENT_TARGET = 10.3;
				MTL_ENABLE_DEBUG_INFO = YES;
				ONLY_ACTIVE_ARCH = YES;
				SDKROOT = iphoneos;
				SWIFT_ACTIVE_COMPILATION_CONDITIONS = DEBUG;
				SWIFT_OPTIMIZATION_LEVEL = "-Onone";
			};
			name = Debug;
		};
		14A914861FB02EEC00BAA8B3 /* Release */ = {
			isa = XCBuildConfiguration;
			buildSettings = {
				ALWAYS_SEARCH_USER_PATHS = NO;
				CLANG_ANALYZER_NONNULL = YES;
				CLANG_ANALYZER_NUMBER_OBJECT_CONVERSION = YES_AGGRESSIVE;
				CLANG_CXX_LANGUAGE_STANDARD = "gnu++0x";
				CLANG_CXX_LIBRARY = "libc++";
				CLANG_ENABLE_MODULES = YES;
				CLANG_ENABLE_OBJC_ARC = YES;
				CLANG_WARN_BOOL_CONVERSION = YES;
				CLANG_WARN_CONSTANT_CONVERSION = YES;
				CLANG_WARN_DIRECT_OBJC_ISA_USAGE = YES_ERROR;
				CLANG_WARN_DOCUMENTATION_COMMENTS = YES;
				CLANG_WARN_EMPTY_BODY = YES;
				CLANG_WARN_ENUM_CONVERSION = YES;
				CLANG_WARN_INFINITE_RECURSION = YES;
				CLANG_WARN_INT_CONVERSION = YES;
				CLANG_WARN_OBJC_ROOT_CLASS = YES_ERROR;
				CLANG_WARN_SUSPICIOUS_MOVE = YES;
				CLANG_WARN_UNREACHABLE_CODE = YES;
				CLANG_WARN__DUPLICATE_METHOD_MATCH = YES;
				"CODE_SIGN_IDENTITY[sdk=iphoneos*]" = "iPhone Developer";
				COPY_PHASE_STRIP = NO;
				DEBUG_INFORMATION_FORMAT = "dwarf-with-dsym";
				ENABLE_NS_ASSERTIONS = NO;
				ENABLE_STRICT_OBJC_MSGSEND = YES;
				GCC_C_LANGUAGE_STANDARD = gnu99;
				GCC_NO_COMMON_BLOCKS = YES;
				GCC_WARN_64_TO_32_BIT_CONVERSION = YES;
				GCC_WARN_ABOUT_RETURN_TYPE = YES_ERROR;
				GCC_WARN_UNDECLARED_SELECTOR = YES;
				GCC_WARN_UNINITIALIZED_AUTOS = YES_AGGRESSIVE;
				GCC_WARN_UNUSED_FUNCTION = YES;
				GCC_WARN_UNUSED_VARIABLE = YES;
				IPHONEOS_DEPLOYMENT_TARGET = 10.3;
				MTL_ENABLE_DEBUG_INFO = NO;
				SDKROOT = iphoneos;
				SWIFT_OPTIMIZATION_LEVEL = "-Owholemodule";
				VALIDATE_PRODUCT = YES;
			};
			name = Release;
		};
		14A914881FB02EEC00BAA8B3 /* Debug */ = {
			isa = XCBuildConfiguration;
			buildSettings = {
				ASSETCATALOG_COMPILER_APPICON_NAME = AppIcon;
				INFOPLIST_FILE = WatchOutForHere/Info.plist;
				LD_RUNPATH_SEARCH_PATHS = "$(inherited) @executable_path/Frameworks";
				PRODUCT_BUNDLE_IDENTIFIER = DoubleK.WatchOutForHere;
				PRODUCT_NAME = "$(TARGET_NAME)";
				SWIFT_VERSION = 3.0;
			};
			name = Debug;
		};
		14A914891FB02EEC00BAA8B3 /* Release */ = {
			isa = XCBuildConfiguration;
			buildSettings = {
				ASSETCATALOG_COMPILER_APPICON_NAME = AppIcon;
				INFOPLIST_FILE = WatchOutForHere/Info.plist;
				LD_RUNPATH_SEARCH_PATHS = "$(inherited) @executable_path/Frameworks";
				PRODUCT_BUNDLE_IDENTIFIER = DoubleK.WatchOutForHere;
				PRODUCT_NAME = "$(TARGET_NAME)";
				SWIFT_VERSION = 3.0;
			};
			name = Release;
		};
		14A9148B1FB02EEC00BAA8B3 /* Debug */ = {
			isa = XCBuildConfiguration;
			buildSettings = {
				ALWAYS_EMBED_SWIFT_STANDARD_LIBRARIES = YES;
				BUNDLE_LOADER = "$(TEST_HOST)";
				INFOPLIST_FILE = WatchOutForHereTests/Info.plist;
				LD_RUNPATH_SEARCH_PATHS = "$(inherited) @executable_path/Frameworks @loader_path/Frameworks";
				PRODUCT_BUNDLE_IDENTIFIER = DoubleK.WatchOutForHereTests;
				PRODUCT_NAME = "$(TARGET_NAME)";
				SWIFT_VERSION = 3.0;
				TEST_HOST = "$(BUILT_PRODUCTS_DIR)/WatchOutForHere.app/WatchOutForHere";
			};
			name = Debug;
		};
		14A9148C1FB02EEC00BAA8B3 /* Release */ = {
			isa = XCBuildConfiguration;
			buildSettings = {
				ALWAYS_EMBED_SWIFT_STANDARD_LIBRARIES = YES;
				BUNDLE_LOADER = "$(TEST_HOST)";
				INFOPLIST_FILE = WatchOutForHereTests/Info.plist;
				LD_RUNPATH_SEARCH_PATHS = "$(inherited) @executable_path/Frameworks @loader_path/Frameworks";
				PRODUCT_BUNDLE_IDENTIFIER = DoubleK.WatchOutForHereTests;
				PRODUCT_NAME = "$(TARGET_NAME)";
				SWIFT_VERSION = 3.0;
				TEST_HOST = "$(BUILT_PRODUCTS_DIR)/WatchOutForHere.app/WatchOutForHere";
			};
			name = Release;
		};
		14A9148E1FB02EEC00BAA8B3 /* Debug */ = {
			isa = XCBuildConfiguration;
			buildSettings = {
				ALWAYS_EMBED_SWIFT_STANDARD_LIBRARIES = YES;
				INFOPLIST_FILE = WatchOutForHereUITests/Info.plist;
				LD_RUNPATH_SEARCH_PATHS = "$(inherited) @executable_path/Frameworks @loader_path/Frameworks";
				PRODUCT_BUNDLE_IDENTIFIER = DoubleK.WatchOutForHereUITests;
				PRODUCT_NAME = "$(TARGET_NAME)";
				SWIFT_VERSION = 3.0;
				TEST_TARGET_NAME = WatchOutForHere;
			};
			name = Debug;
		};
		14A9148F1FB02EEC00BAA8B3 /* Release */ = {
			isa = XCBuildConfiguration;
			buildSettings = {
				ALWAYS_EMBED_SWIFT_STANDARD_LIBRARIES = YES;
				INFOPLIST_FILE = WatchOutForHereUITests/Info.plist;
				LD_RUNPATH_SEARCH_PATHS = "$(inherited) @executable_path/Frameworks @loader_path/Frameworks";
				PRODUCT_BUNDLE_IDENTIFIER = DoubleK.WatchOutForHereUITests;
				PRODUCT_NAME = "$(TARGET_NAME)";
				SWIFT_VERSION = 3.0;
				TEST_TARGET_NAME = WatchOutForHere;
			};
			name = Release;
		};
/* End XCBuildConfiguration section */

/* Begin XCConfigurationList section */
		14A9145A1FB02EEC00BAA8B3 /* Build configuration list for PBXProject "WatchOutForHere" */ = {
			isa = XCConfigurationList;
			buildConfigurations = (
				14A914851FB02EEC00BAA8B3 /* Debug */,
				14A914861FB02EEC00BAA8B3 /* Release */,
			);
			defaultConfigurationIsVisible = 0;
			defaultConfigurationName = Release;
		};
		14A914871FB02EEC00BAA8B3 /* Build configuration list for PBXNativeTarget "WatchOutForHere" */ = {
			isa = XCConfigurationList;
			buildConfigurations = (
				14A914881FB02EEC00BAA8B3 /* Debug */,
				14A914891FB02EEC00BAA8B3 /* Release */,
			);
			defaultConfigurationIsVisible = 0;
			defaultConfigurationName = Release;
		};
		14A9148A1FB02EEC00BAA8B3 /* Build configuration list for PBXNativeTarget "WatchOutForHereTests" */ = {
			isa = XCConfigurationList;
			buildConfigurations = (
				14A9148B1FB02EEC00BAA8B3 /* Debug */,
				14A9148C1FB02EEC00BAA8B3 /* Release */,
			);
			defaultConfigurationIsVisible = 0;
			defaultConfigurationName = Release;
		};
		14A9148D1FB02EEC00BAA8B3 /* Build configuration list for PBXNativeTarget "WatchOutForHereUITests" */ = {
			isa = XCConfigurationList;
			buildConfigurations = (
				14A9148E1FB02EEC00BAA8B3 /* Debug */,
				14A9148F1FB02EEC00BAA8B3 /* Release */,
			);
			defaultConfigurationIsVisible = 0;
			defaultConfigurationName = Release;
		};
/* End XCConfigurationList section */
	};
	rootObject = 14A914571FB02EEC00BAA8B3 /* Project object */;
}
